{
    "_meta": {
        "hash": {
            "sha256": "e5a2b0042d64554da0694ce49f68f47576b3076d04ed19591bddc6f41a1dd744"
        },
        "pipfile-spec": 6,
        "requires": {
            "python_version": "3.6"
        },
        "sources": [
            {
                "name": "pypi",
                "url": "https://pypi.org/simple",
                "verify_ssl": true
            }
        ]
    },
    "default": {
        "pafy": {
            "hashes": [
                "sha256:c6506070065829a0419276fc6a2649a5d35e77efdc91b792c2db8576d8b779d9",
                "sha256:e842dc589a339a870b5869cc3802f2e95824edf347f65128223cd5ebdff21024"
            ],
            "index": "pypi",
            "version": "==0.5.4"
        },
        "python-vlc": {
            "hashes": [
                "sha256:821bca0dbe08fbff97a65e56ff2318ad7d499330876579c39f01f3fb38c7b679",
                "sha256:f62987571cf3d58adfc5b2c0adab679f96dcce76e8096d14cc56abd4c3d3527b"
            ],
            "index": "pypi",
            "version": "==3.0.7110"
        },
        "youtube-dl": {
            "hashes": [
                "sha256:0b6611807b0bb978a0384ddebf215ea1f974ecf73d80d04e9f614ff30b1443f0",
                "sha256:b14fcb8f67a8bd334aa5de0937433e626729a18df5d538a8b94eaf70101493c5"
            ],
            "index": "pypi",
            "version": "==2019.10.29"
        }
    },
    "develop": {}
}
