{
    "_meta": {
        "hash": {
            "sha256": "3be0fd70d5422d063855ca4f89c9383689bca799a6928905d6a7599ca5dbe2e1"
        },
        "pipfile-spec": 6,
        "requires": {
            "python_version": "3.6"
        },
        "sources": [
            {
                "name": "pypi",
                "url": "https://pypi.org/simple",
                "verify_ssl": true
            }
        ]
    },
    "default": {
        "pafy": {
            "hashes": [
                "sha256:c6506070065829a0419276fc6a2649a5d35e77efdc91b792c2db8576d8b779d9",
                "sha256:e842dc589a339a870b5869cc3802f2e95824edf347f65128223cd5ebdff21024"
            ],
            "index": "pypi",
            "version": "==0.5.4"
        },
        "python-vlc": {
            "hashes": [
                "sha256:821bca0dbe08fbff97a65e56ff2318ad7d499330876579c39f01f3fb38c7b679",
                "sha256:f62987571cf3d58adfc5b2c0adab679f96dcce76e8096d14cc56abd4c3d3527b"
            ],
            "index": "pypi",
            "version": "==3.0.7110"
        }
    },
    "develop": {}
}
